
Microsoft Visual Studio Solution File, Format Version 12.00
# Visual Studio 15
VisualStudioVersion = 15.0.27428.2027
MinimumVisualStudioVersion = 10.0.40219.1
Project("{FAE04EC0-301F-11D3-BF4B-00C04F79EFBC}") = "RestAPI", "RestAPI\RestAPI.csproj", "{AFF977DC-AB2B-4005-937E-6F0F01230CE6}"
EndProject
Global
	GlobalSection(SolutionConfigurationPlatforms) = preSolution
		Debug|Any CPU = Debug|Any CPU
		Release|Any CPU = Release|Any CPU
	EndGlobalSection
	GlobalSection(ProjectConfigurationPlatforms) = postSolution
		{AFF977DC-AB2B-4005-937E-6F0F01230CE6}.Debug|Any CPU.ActiveCfg = Debug|Any CPU
		{AFF977DC-AB2B-4005-937E-6F0F01230CE6}.Debug|Any CPU.Build.0 = Debug|Any CPU
		{AFF977DC-AB2B-4005-937E-6F0F01230CE6}.Release|Any CPU.ActiveCfg = Release|Any CPU
		{AFF977DC-AB2B-4005-937E-6F0F01230CE6}.Release|Any CPU.Build.0 = Release|Any CPU
	EndGlobalSection
	GlobalSection(SolutionProperties) = preSolution
		HideSolutionNode = FALSE
	EndGlobalSection
	GlobalSection(ExtensibilityGlobals) = postSolution
		SolutionGuid = {8C95E532-B627-47F1-A05F-9AC362AF2FF2}
	EndGlobalSection
EndGlobal
